{
  "version": "3",
  "packages": {
    "specifiers": {
      "jsr:@std/cli@^1.0.5": "jsr:@std/cli@1.0.6",
      "jsr:@std/dotenv": "jsr:@std/dotenv@0.225.2",
      "jsr:@std/encoding@^1.0.4": "jsr:@std/encoding@1.0.4",
      "jsr:@std/fmt@^1.0.2": "jsr:@std/fmt@1.0.2",
      "jsr:@std/http": "jsr:@std/http@1.0.5",
      "jsr:@std/media-types@^1.0.3": "jsr:@std/media-types@1.0.3",
      "jsr:@std/net@^1.0.2": "jsr:@std/net@1.0.4",
      "jsr:@std/path@^1.0.4": "jsr:@std/path@1.0.4",
      "jsr:@std/streams@^1.0.4": "jsr:@std/streams@1.0.5"
    },
    "jsr": {
      "@std/cli@1.0.6": {
        "integrity": "d22d8b38c66c666d7ad1f2a66c5b122da1704f985d3c47f01129f05abb6c5d3d"
      },
      "@std/dotenv@0.225.2": {
        "integrity": "e2025dce4de6c7bca21dece8baddd4262b09d5187217e231b033e088e0c4dd23"
      },
      "@std/encoding@1.0.4": {
        "integrity": "2266cd516b32369e3dc5695717c96bf88343a1f761d6e6187a02a2bbe2af86ae"
      },
      "@std/fmt@1.0.2": {
        "integrity": "87e9dfcdd3ca7c066e0c3c657c1f987c82888eb8103a3a3baa62684ffeb0f7a7"
      },
      "@std/http@1.0.5": {
        "integrity": "afa1cf4f0c19e224534df3288a84de4fdfffe8a26308dfe3794166e4fafe0f3d",
        "dependencies": [
          "jsr:@std/cli@^1.0.5",
          "jsr:@std/encoding@^1.0.4",
          "jsr:@std/fmt@^1.0.2",
          "jsr:@std/media-types@^1.0.3",
          "jsr:@std/net@^1.0.2",
          "jsr:@std/path@^1.0.4",
          "jsr:@std/streams@^1.0.4"
        ]
      },
      "@std/media-types@1.0.3": {
        "integrity": "b12d30a7852f7578f4d210622df713bbfd1cbdd9b4ec2eaf5c1845ab70bab159"
      },
      "@std/net@1.0.4": {
        "integrity": "2f403b455ebbccf83d8a027d29c5a9e3a2452fea39bb2da7f2c04af09c8bc852"
      },
      "@std/path@1.0.4": {
        "integrity": "48dd5d8389bcfcd619338a01bdf862cb7799933390146a54ae59356a0acc7105"
      },
      "@std/streams@1.0.5": {
        "integrity": "74e5c73d7d68eeab0d7fba3b05cbee3ba4ac5ae37c5f4e675f67e62f8f53edc4"
      }
    }
  },
  "redirects": {
    "https://deno.land/std/http/server.ts": "https://deno.land/std@0.224.0/http/server.ts"
  },
  "remote": {
    "https://deno.land/std@0.224.0/async/delay.ts": "f90dd685b97c2f142b8069082993e437b1602b8e2561134827eeb7c12b95c499",
    "https://deno.land/std@0.224.0/http/server.ts": "f9313804bf6467a1704f45f76cb6cd0a3396a3b31c316035e6a4c2035d1ea514"
  },
  "workspace": {
    "dependencies": [
      "jsr:@std/assert@1"
    ]
  }
}
